
Microsoft Visual Studio Solution File, Format Version 10.00
# Visual Studio 2008
Project("{FAE04EC0-301F-11D3-BF4B-00C04F79EFBC}") = "EsriDataSourcePlugin", "EsriDataSourcePlugin\EsriDataSourcePlugin.csproj", "{3D608396-F829-4F03-9EE3-D5FC71D67FA3}"
EndProject
Project("{2150E333-8FDC-42A3-9474-1A3956D46DE8}") = "External Projects", "External Projects", "{22282EA5-D33F-4C1F-961C-75C172488960}"
EndProject
Project("{FAE04EC0-301F-11D3-BF4B-00C04F79EFBC}") = "DataSplice", "..\datasplice-suite\DataSplice\DataSplice.csproj", "{27735DD8-16C5-46DD-9825-C0F6F21644B2}"
EndProject
Global
	GlobalSection(SolutionConfigurationPlatforms) = preSolution
		Debug|Any CPU = Debug|Any CPU
		Release With Debug|Any CPU = Release With Debug|Any CPU
		Release|Any CPU = Release|Any CPU
		Release-with-Debug|Any CPU = Release-with-Debug|Any CPU
	EndGlobalSection
	GlobalSection(ProjectConfigurationPlatforms) = postSolution
		{3D608396-F829-4F03-9EE3-D5FC71D67FA3}.Debug|Any CPU.ActiveCfg = Debug|Any CPU
		{3D608396-F829-4F03-9EE3-D5FC71D67FA3}.Debug|Any CPU.Build.0 = Debug|Any CPU
		{3D608396-F829-4F03-9EE3-D5FC71D67FA3}.Release With Debug|Any CPU.ActiveCfg = Debug|Any CPU
		{3D608396-F829-4F03-9EE3-D5FC71D67FA3}.Release With Debug|Any CPU.Build.0 = Debug|Any CPU
		{3D608396-F829-4F03-9EE3-D5FC71D67FA3}.Release|Any CPU.ActiveCfg = Release|Any CPU
		{3D608396-F829-4F03-9EE3-D5FC71D67FA3}.Release|Any CPU.Build.0 = Release|Any CPU
		{3D608396-F829-4F03-9EE3-D5FC71D67FA3}.Release-with-Debug|Any CPU.ActiveCfg = Debug|Any CPU
		{3D608396-F829-4F03-9EE3-D5FC71D67FA3}.Release-with-Debug|Any CPU.Build.0 = Debug|Any CPU
		{27735DD8-16C5-46DD-9825-C0F6F21644B2}.Debug|Any CPU.ActiveCfg = Debug|Any CPU
		{27735DD8-16C5-46DD-9825-C0F6F21644B2}.Debug|Any CPU.Build.0 = Debug|Any CPU
		{27735DD8-16C5-46DD-9825-C0F6F21644B2}.Release With Debug|Any CPU.ActiveCfg = Release With Debug|Any CPU
		{27735DD8-16C5-46DD-9825-C0F6F21644B2}.Release With Debug|Any CPU.Build.0 = Release With Debug|Any CPU
		{27735DD8-16C5-46DD-9825-C0F6F21644B2}.Release|Any CPU.ActiveCfg = Release|Any CPU
		{27735DD8-16C5-46DD-9825-C0F6F21644B2}.Release|Any CPU.Build.0 = Release|Any CPU
		{27735DD8-16C5-46DD-9825-C0F6F21644B2}.Release-with-Debug|Any CPU.ActiveCfg = Release-with-Debug|Any CPU
		{27735DD8-16C5-46DD-9825-C0F6F21644B2}.Release-with-Debug|Any CPU.Build.0 = Release-with-Debug|Any CPU
	EndGlobalSection
	GlobalSection(SolutionProperties) = preSolution
		HideSolutionNode = FALSE
	EndGlobalSection
	GlobalSection(NestedProjects) = preSolution
		{27735DD8-16C5-46DD-9825-C0F6F21644B2} = {22282EA5-D33F-4C1F-961C-75C172488960}
	EndGlobalSection
EndGlobal
